// !$*UTF8*$!
{
	archiveVersion = 1;
	classes = {
	};
	objectVersion = 45;
	objects = {

/* Begin PBXBuildFile section */
		1D60589F0D05DD5A006BFB54 /* Foundation.framework in Frameworks */ = {isa = PBXBuildFile; fileRef = 1D30AB110D05D00D00671497 /* Foundation.framework */; };
		1DF5F4E00D08C38300B7A737 /* UIKit.framework in Frameworks */ = {isa = PBXBuildFile; fileRef = 1DF5F4DF0D08C38300B7A737 /* UIKit.framework */; };
		2860E38A111B897F00E27156 /* AppDelegate_iPhone.m in Sources */ = {isa = PBXBuildFile; fileRef = 2860E388111B897F00E27156 /* AppDelegate_iPhone.m */; };
		2860E38B111B897F00E27156 /* MainWindow_iPhone.xib in Resources */ = {isa = PBXBuildFile; fileRef = 2860E389111B897F00E27156 /* MainWindow_iPhone.xib */; };
		288765FD0DF74451002DB57D /* CoreGraphics.framework in Frameworks */ = {isa = PBXBuildFile; fileRef = 288765FC0DF74451002DB57D /* CoreGraphics.framework */; };
		28EEBFDD1118E19E00187D67 /* CoreData.framework in Frameworks */ = {isa = PBXBuildFile; fileRef = 28EEBFDC1118E19E00187D67 /* CoreData.framework */; };
		3611BE6A1268E3770076404E /* UserDetailViewController_iPhone.m in Sources */ = {isa = PBXBuildFile; fileRef = 3611BE681268E3770076404E /* UserDetailViewController_iPhone.m */; };
		3611BE6B1268E3770076404E /* UserDetailView_iPhone.xib in Resources */ = {isa = PBXBuildFile; fileRef = 3611BE691268E3770076404E /* UserDetailView_iPhone.xib */; };
		3611C01A126B2DEE0076404E /* ProviderDetailViewController_iPhone.m in Sources */ = {isa = PBXBuildFile; fileRef = 3611C018126B2DEE0076404E /* ProviderDetailViewController_iPhone.m */; };
		3611C01B126B2DEE0076404E /* ProviderDetailView_iPhone.xib in Resources */ = {isa = PBXBuildFile; fileRef = 3611C019126B2DEE0076404E /* ProviderDetailView_iPhone.xib */; };
		362DFD471299150200DEC892 /* AppDelegate_Shared.m in Sources */ = {isa = PBXBuildFile; fileRef = 362DFCA31299150100DEC892 /* AppDelegate_Shared.m */; };
		362DFD481299150200DEC892 /* BioCatalogueClient.m in Sources */ = {isa = PBXBuildFile; fileRef = 362DFCA51299150100DEC892 /* BioCatalogueClient.m */; };
		362DFD491299150200DEC892 /* BioMonitor.xcdatamodeld in Sources */ = {isa = PBXBuildFile; fileRef = 362DFCA61299150100DEC892 /* BioMonitor.xcdatamodeld */; };
		362DFD4C1299150200DEC892 /* NSString+Helper.m in Sources */ = {isa = PBXBuildFile; fileRef = 362DFCAE1299150100DEC892 /* NSString+Helper.m */; };
		362DFD4D1299150200DEC892 /* NSUserDefaults+Helper.m in Sources */ = {isa = PBXBuildFile; fileRef = 362DFCB01299150100DEC892 /* NSUserDefaults+Helper.m */; };
		362DFDEB129915C600DEC892 /* main.m in Sources */ = {isa = PBXBuildFile; fileRef = 362DFDEA129915C600DEC892 /* main.m */; };
		3634473C125FCED1006F3295 /* ServiceDetailViewController_iPhone.m in Sources */ = {isa = PBXBuildFile; fileRef = 3634473A125FCED1006F3295 /* ServiceDetailViewController_iPhone.m */; };
		3634473D125FCED1006F3295 /* ServiceDetailView_iPhone.xib in Resources */ = {isa = PBXBuildFile; fileRef = 3634473B125FCED1006F3295 /* ServiceDetailView_iPhone.xib */; };
		364150F4126CE66700DD9394 /* SearchViewController_iPhone.m in Sources */ = {isa = PBXBuildFile; fileRef = 364150F2126CE66700DD9394 /* SearchViewController_iPhone.m */; };
		364150F5126CE66700DD9394 /* SearchView_iPhone.xib in Resources */ = {isa = PBXBuildFile; fileRef = 364150F3126CE66700DD9394 /* SearchView_iPhone.xib */; };
		3644C93A12B1C65B005607EB /* WebBrowserController.m in Sources */ = {isa = PBXBuildFile; fileRef = 3644C93912B1C65B005607EB /* WebBrowserController.m */; };
		3644CB2E12B56E7B005607EB /* FavouritesController.m in Sources */ = {isa = PBXBuildFile; fileRef = 3644CB2D12B56E7B005607EB /* FavouritesController.m */; };
		3644CB5612B6C9F5005607EB /* BioCatalogueResourceManager.m in Sources */ = {isa = PBXBuildFile; fileRef = 3644CB5512B6C9F5005607EB /* BioCatalogueResourceManager.m */; };
		3644CEB812B6EB51005607EB /* GTMHTTPFetcher.m in Sources */ = {isa = PBXBuildFile; fileRef = 3644CEB112B6EB51005607EB /* GTMHTTPFetcher.m */; };
		3644CEB912B6EB51005607EB /* GTMOAuthAuthentication.m in Sources */ = {isa = PBXBuildFile; fileRef = 3644CEB312B6EB51005607EB /* GTMOAuthAuthentication.m */; };
		3644CEBA12B6EB51005607EB /* GTMOAuthSignIn.m in Sources */ = {isa = PBXBuildFile; fileRef = 3644CEB512B6EB51005607EB /* GTMOAuthSignIn.m */; };
		3644CEBB12B6EB51005607EB /* GTMOAuthViewControllerTouch.m in Sources */ = {isa = PBXBuildFile; fileRef = 3644CEB712B6EB51005607EB /* GTMOAuthViewControllerTouch.m */; };
		3644CEC112B6EBD6005607EB /* Security.framework in Frameworks */ = {isa = PBXBuildFile; fileRef = 3644CEC012B6EBD6005607EB /* Security.framework */; };
		3644CEC612B6EBEB005607EB /* SystemConfiguration.framework in Frameworks */ = {isa = PBXBuildFile; fileRef = 3644CEC512B6EBEB005607EB /* SystemConfiguration.framework */; };
		3644CEEF12B6EEAA005607EB /* NSDictionary+Helper.m in Sources */ = {isa = PBXBuildFile; fileRef = 3644CEEE12B6EEAA005607EB /* NSDictionary+Helper.m */; };
		3644CFC312B704FB005607EB /* NSThread+Helper.m in Sources */ = {isa = PBXBuildFile; fileRef = 3644CFC212B704FB005607EB /* NSThread+Helper.m */; };
		3644D0F512B718BE005607EB /* NSError+Helper.m in Sources */ = {isa = PBXBuildFile; fileRef = 3644D0F412B718BE005607EB /* NSError+Helper.m */; };
		3644D17B12B723B7005607EB /* ServiceComponent.m in Sources */ = {isa = PBXBuildFile; fileRef = 3644D16E12B723B7005607EB /* ServiceComponent.m */; };
		3644D17C12B723B7005607EB /* MonitoringStatusUpdate.m in Sources */ = {isa = PBXBuildFile; fileRef = 3644D17012B723B7005607EB /* MonitoringStatusUpdate.m */; };
		3644D17D12B723B7005607EB /* BioCatalogue.m in Sources */ = {isa = PBXBuildFile; fileRef = 3644D17212B723B7005607EB /* BioCatalogue.m */; };
		3644D17F12B723B7005607EB /* Location.m in Sources */ = {isa = PBXBuildFile; fileRef = 3644D17612B723B7005607EB /* Location.m */; };
		3644D18012B723B7005607EB /* Provider.m in Sources */ = {isa = PBXBuildFile; fileRef = 3644D17812B723B7005607EB /* Provider.m */; };
		3644D1D712B728A4005607EB /* User.m in Sources */ = {isa = PBXBuildFile; fileRef = 3644D1D612B728A4005607EB /* User.m */; };
		3644D25212B7361E005607EB /* Service.m in Sources */ = {isa = PBXBuildFile; fileRef = 3644D25112B7361E005607EB /* Service.m */; };
		365C6991125BCCA80099CE38 /* TestBioCatalogueClient.m in Sources */ = {isa = PBXBuildFile; fileRef = 365C6990125BCCA80099CE38 /* TestBioCatalogueClient.m */; };
		366462BB12ADDBFF00DEACC3 /* UIDevice+Helper.m in Sources */ = {isa = PBXBuildFile; fileRef = 36F0417912A34CDE00B9BAB2 /* UIDevice+Helper.m */; };
		3664652E12B0505000DEACC3 /* MonitoringStatusViewController.m in Sources */ = {isa = PBXBuildFile; fileRef = 3664652812B0505000DEACC3 /* MonitoringStatusViewController.m */; };
		3664652F12B0505000DEACC3 /* PaginationController.m in Sources */ = {isa = PBXBuildFile; fileRef = 3664652A12B0505000DEACC3 /* PaginationController.m */; };
		3664653012B0505000DEACC3 /* ServiceComponentsViewController.m in Sources */ = {isa = PBXBuildFile; fileRef = 3664652C12B0505000DEACC3 /* ServiceComponentsViewController.m */; };
		3664653512B050B000DEACC3 /* AppConstants.m in Sources */ = {isa = PBXBuildFile; fileRef = 3664653212B050B000DEACC3 /* AppConstants.m */; };
		3664653E12B050E100DEACC3 /* AppConstants.m in Sources */ = {isa = PBXBuildFile; fileRef = 3664653212B050B000DEACC3 /* AppConstants.m */; };
		3664655012B051C900DEACC3 /* UIContentController.m in Sources */ = {isa = PBXBuildFile; fileRef = 3664654F12B051C900DEACC3 /* UIContentController.m */; };
		366465AB12B0588E00DEACC3 /* GestureHandler_iPad.m in Sources */ = {isa = PBXBuildFile; fileRef = 368353D612949FDD0029D92A /* GestureHandler_iPad.m */; };
		3664672812B07BD800DEACC3 /* MonitoringStatusView.xib in Resources */ = {isa = PBXBuildFile; fileRef = 3664672712B07BD800DEACC3 /* MonitoringStatusView.xib */; };
		3664674712B07DAD00DEACC3 /* ServiceComponentsView.xib in Resources */ = {isa = PBXBuildFile; fileRef = 3664674612B07DAD00DEACC3 /* ServiceComponentsView.xib */; };
		368353CD12949FC60029D92A /* AppDelegate_iPad.m in Sources */ = {isa = PBXBuildFile; fileRef = 368353C412949FC60029D92A /* AppDelegate_iPad.m */; };
		368353CE12949FC60029D92A /* DetailView_iPad.xib in Resources */ = {isa = PBXBuildFile; fileRef = 368353C512949FC60029D92A /* DetailView_iPad.xib */; };
		368353CF12949FC60029D92A /* DetailViewController_iPad.m in Sources */ = {isa = PBXBuildFile; fileRef = 368353C712949FC60029D92A /* DetailViewController_iPad.m */; };
		368353D112949FC60029D92A /* MainWindow_iPad.xib in Resources */ = {isa = PBXBuildFile; fileRef = 368353CA12949FC60029D92A /* MainWindow_iPad.xib */; };
		368353D212949FC60029D92A /* SearchViewController_iPad.m in Sources */ = {isa = PBXBuildFile; fileRef = 368353CC12949FC60029D92A /* SearchViewController_iPad.m */; };
		36C8A00D12F7740A0022190F /* JSONKit.m in Sources */ = {isa = PBXBuildFile; fileRef = 36C8A00C12F7740A0022190F /* JSONKit.m */; };
		36C8A00E12F7740A0022190F /* JSONKit.m in Sources */ = {isa = PBXBuildFile; fileRef = 36C8A00C12F7740A0022190F /* JSONKit.m */; };
		36C8A01312F774450022190F /* GTMHTTPFetcher.m in Sources */ = {isa = PBXBuildFile; fileRef = 3644CEB112B6EB51005607EB /* GTMHTTPFetcher.m */; };
		36C8A01412F774460022190F /* GTMOAuthAuthentication.m in Sources */ = {isa = PBXBuildFile; fileRef = 3644CEB312B6EB51005607EB /* GTMOAuthAuthentication.m */; };
		36C8A01512F774470022190F /* GTMOAuthSignIn.m in Sources */ = {isa = PBXBuildFile; fileRef = 3644CEB512B6EB51005607EB /* GTMOAuthSignIn.m */; };
		36C8A01612F774480022190F /* GTMOAuthViewControllerTouch.m in Sources */ = {isa = PBXBuildFile; fileRef = 3644CEB712B6EB51005607EB /* GTMOAuthViewControllerTouch.m */; };
		36C8A10A12F78B9C0022190F /* PullToRefreshViewController.m in Sources */ = {isa = PBXBuildFile; fileRef = 36C8A10912F78B9C0022190F /* PullToRefreshViewController.m */; };
		36C8A13012F78E250022190F /* BrowseByProviderViewController.m in Sources */ = {isa = PBXBuildFile; fileRef = 36C8A12F12F78E250022190F /* BrowseByProviderViewController.m */; };
		36C8A15012F78F220022190F /* QuartzCore.framework in Frameworks */ = {isa = PBXBuildFile; fileRef = 36C8A14F12F78F220022190F /* QuartzCore.framework */; };
		36C8A1DE12F793BF0022190F /* EGORefreshTableHeaderView.m in Sources */ = {isa = PBXBuildFile; fileRef = 36C8A1DD12F793BF0022190F /* EGORefreshTableHeaderView.m */; };
		36C8A2CE12F7A3D40022190F /* BrowseByDateViewController.m in Sources */ = {isa = PBXBuildFile; fileRef = 36C8A2CC12F7A3D40022190F /* BrowseByDateViewController.m */; };
		36C8A30912F7A8250022190F /* BrowseByDateView.xib in Resources */ = {isa = PBXBuildFile; fileRef = 36C8A30812F7A8250022190F /* BrowseByDateView.xib */; };
		36C8A4C112F7CAC90022190F /* BioMonitor.tiff in Resources */ = {isa = PBXBuildFile; fileRef = 36C8A4B612F7CAC90022190F /* BioMonitor.tiff */; };
		36C8A4C212F7CAC90022190F /* BrushedMetalBack.jpg in Resources */ = {isa = PBXBuildFile; fileRef = 36C8A4B712F7CAC90022190F /* BrushedMetalBack.jpg */; };
		36C8A4C312F7CAC90022190F /* blueArrow.png in Resources */ = {isa = PBXBuildFile; fileRef = 36C8A4B912F7CAC90022190F /* blueArrow.png */; };
		36C8A4C412F7CAC90022190F /* blueArrow@2x.png in Resources */ = {isa = PBXBuildFile; fileRef = 36C8A4BA12F7CAC90022190F /* blueArrow@2x.png */; };
		36C8A4C512F7CAC90022190F /* logo_beta_small.png in Resources */ = {isa = PBXBuildFile; fileRef = 36C8A4BB12F7CAC90022190F /* logo_beta_small.png */; };
		36C8A4C612F7CAC90022190F /* small-cross-sphere-50.png in Resources */ = {isa = PBXBuildFile; fileRef = 36C8A4BD12F7CAC90022190F /* small-cross-sphere-50.png */; };
		36C8A4C712F7CAC90022190F /* small-pling-sphere-50.png in Resources */ = {isa = PBXBuildFile; fileRef = 36C8A4BE12F7CAC90022190F /* small-pling-sphere-50.png */; };
		36C8A4C812F7CAC90022190F /* small-query-sphere-50.png in Resources */ = {isa = PBXBuildFile; fileRef = 36C8A4BF12F7CAC90022190F /* small-query-sphere-50.png */; };
		36C8A4C912F7CAC90022190F /* small-tick-sphere-50.png in Resources */ = {isa = PBXBuildFile; fileRef = 36C8A4C012F7CAC90022190F /* small-tick-sphere-50.png */; };
		36C8A51812F7D2400022190F /* rounded-corners.png in Resources */ = {isa = PBXBuildFile; fileRef = 36C8A51712F7D2400022190F /* rounded-corners.png */; };
		36C8A52212F7D3A60022190F /* boxed-x2.png in Resources */ = {isa = PBXBuildFile; fileRef = 36C8A52112F7D3A60022190F /* boxed-x2.png */; };
		36C8A52C12F7D46B0022190F /* creditcard2.png in Resources */ = {isa = PBXBuildFile; fileRef = 36C8A52812F7D46B0022190F /* creditcard2.png */; };
		36C8A52D12F7D46B0022190F /* gear3.png in Resources */ = {isa = PBXBuildFile; fileRef = 36C8A52912F7D46B0022190F /* gear3.png */; };
		36C8A52E12F7D46B0022190F /* magnifying-glass-ps.png in Resources */ = {isa = PBXBuildFile; fileRef = 36C8A52A12F7D46B0022190F /* magnifying-glass-ps.png */; };
		36C8A53112F7D5990022190F /* people-head.png in Resources */ = {isa = PBXBuildFile; fileRef = 36C8A53012F7D5990022190F /* people-head.png */; };
		36C8A53312F7D5A30022190F /* people-family4.png in Resources */ = {isa = PBXBuildFile; fileRef = 36C8A53212F7D5A30022190F /* people-family4.png */; };
		36C8A54212F7D6930022190F /* 111-user.png in Resources */ = {isa = PBXBuildFile; fileRef = 36C8A54012F7D6930022190F /* 111-user.png */; };
		36C8A54312F7D6930022190F /* 112-group.png in Resources */ = {isa = PBXBuildFile; fileRef = 36C8A54112F7D6930022190F /* 112-group.png */; };
		36C8A55012F7D7F60022190F /* star4.png in Resources */ = {isa = PBXBuildFile; fileRef = 36C8A54E12F7D7F60022190F /* star4.png */; };
		36C8A55112F7D7F60022190F /* star8-sc48.png in Resources */ = {isa = PBXBuildFile; fileRef = 36C8A54F12F7D7F60022190F /* star8-sc48.png */; };
		36CD0B7812959B9A00DAE156 /* TestNSString+Helper.m in Sources */ = {isa = PBXBuildFile; fileRef = 36CD0B7712959B9A00DAE156 /* TestNSString+Helper.m */; };
		36F0417A12A34CDE00B9BAB2 /* UIDevice+Helper.m in Sources */ = {isa = PBXBuildFile; fileRef = 36F0417912A34CDE00B9BAB2 /* UIDevice+Helper.m */; };
		36F0425112A4787A00B9BAB2 /* NSString+Helper.m in Sources */ = {isa = PBXBuildFile; fileRef = 362DFCAE1299150100DEC892 /* NSString+Helper.m */; };
		36F0425212A4787C00B9BAB2 /* NSUserDefaults+Helper.m in Sources */ = {isa = PBXBuildFile; fileRef = 362DFCB01299150100DEC892 /* NSUserDefaults+Helper.m */; };
		36F0425C12A478CA00B9BAB2 /* BioCatalogueClient.m in Sources */ = {isa = PBXBuildFile; fileRef = 362DFCA51299150100DEC892 /* BioCatalogueClient.m */; };
/* End PBXBuildFile section */

/* Begin PBXFileReference section */
		1D30AB110D05D00D00671497 /* Foundation.framework */ = {isa = PBXFileReference; lastKnownFileType = wrapper.framework; name = Foundation.framework; path = System/Library/Frameworks/Foundation.framework; sourceTree = SDKROOT; };
		1D6058910D05DD3D006BFB54 /* BioMonitor.app */ = {isa = PBXFileReference; explicitFileType = wrapper.application; includeInIndex = 0; path = BioMonitor.app; sourceTree = BUILT_PRODUCTS_DIR; };
		1DF5F4DF0D08C38300B7A737 /* UIKit.framework */ = {isa = PBXFileReference; lastKnownFileType = wrapper.framework; name = UIKit.framework; path = System/Library/Frameworks/UIKit.framework; sourceTree = SDKROOT; };
		2860E387111B897F00E27156 /* AppDelegate_iPhone.h */ = {isa = PBXFileReference; fileEncoding = 4; lastKnownFileType = sourcecode.c.h; path = AppDelegate_iPhone.h; sourceTree = "<group>"; };
		2860E388111B897F00E27156 /* AppDelegate_iPhone.m */ = {isa = PBXFileReference; fileEncoding = 4; lastKnownFileType = sourcecode.c.objc; path = AppDelegate_iPhone.m; sourceTree = "<group>"; };
		2860E389111B897F00E27156 /* MainWindow_iPhone.xib */ = {isa = PBXFileReference; lastKnownFileType = file.xib; path = MainWindow_iPhone.xib; sourceTree = "<group>"; };
		288765FC0DF74451002DB57D /* CoreGraphics.framework */ = {isa = PBXFileReference; lastKnownFileType = wrapper.framework; name = CoreGraphics.framework; path = System/Library/Frameworks/CoreGraphics.framework; sourceTree = SDKROOT; };
		28EEBFDC1118E19E00187D67 /* CoreData.framework */ = {isa = PBXFileReference; lastKnownFileType = wrapper.framework; name = CoreData.framework; path = System/Library/Frameworks/CoreData.framework; sourceTree = SDKROOT; };
		32CA4F630368D1EE00C91783 /* BioMonitor_Prefix.pch */ = {isa = PBXFileReference; fileEncoding = 4; lastKnownFileType = sourcecode.c.h; path = BioMonitor_Prefix.pch; sourceTree = "<group>"; };
		3611BE671268E3770076404E /* UserDetailViewController_iPhone.h */ = {isa = PBXFileReference; fileEncoding = 4; lastKnownFileType = sourcecode.c.h; path = UserDetailViewController_iPhone.h; sourceTree = "<group>"; };
		3611BE681268E3770076404E /* UserDetailViewController_iPhone.m */ = {isa = PBXFileReference; fileEncoding = 4; lastKnownFileType = sourcecode.c.objc; path = UserDetailViewController_iPhone.m; sourceTree = "<group>"; };
		3611BE691268E3770076404E /* UserDetailView_iPhone.xib */ = {isa = PBXFileReference; lastKnownFileType = file.xib; path = UserDetailView_iPhone.xib; sourceTree = "<group>"; };
		3611C017126B2DEE0076404E /* ProviderDetailViewController_iPhone.h */ = {isa = PBXFileReference; fileEncoding = 4; lastKnownFileType = sourcecode.c.h; path = ProviderDetailViewController_iPhone.h; sourceTree = "<group>"; };
		3611C018126B2DEE0076404E /* ProviderDetailViewController_iPhone.m */ = {isa = PBXFileReference; fileEncoding = 4; lastKnownFileType = sourcecode.c.objc; path = ProviderDetailViewController_iPhone.m; sourceTree = "<group>"; };
		3611C019126B2DEE0076404E /* ProviderDetailView_iPhone.xib */ = {isa = PBXFileReference; lastKnownFileType = file.xib; path = ProviderDetailView_iPhone.xib; sourceTree = "<group>"; };
		362DFCA21299150100DEC892 /* AppDelegate_Shared.h */ = {isa = PBXFileReference; fileEncoding = 4; lastKnownFileType = sourcecode.c.h; path = AppDelegate_Shared.h; sourceTree = "<group>"; };
		362DFCA31299150100DEC892 /* AppDelegate_Shared.m */ = {isa = PBXFileReference; fileEncoding = 4; lastKnownFileType = sourcecode.c.objc; path = AppDelegate_Shared.m; sourceTree = "<group>"; };
		362DFCA41299150100DEC892 /* BioCatalogueClient.h */ = {isa = PBXFileReference; fileEncoding = 4; lastKnownFileType = sourcecode.c.h; path = BioCatalogueClient.h; sourceTree = "<group>"; };
		362DFCA51299150100DEC892 /* BioCatalogueClient.m */ = {isa = PBXFileReference; fileEncoding = 4; lastKnownFileType = sourcecode.c.objc; path = BioCatalogueClient.m; sourceTree = "<group>"; };
		362DFCA71299150100DEC892 /* BioMonitor.xcdatamodel */ = {isa = PBXFileReference; fileEncoding = 4; lastKnownFileType = wrapper.xcdatamodel; path = BioMonitor.xcdatamodel; sourceTree = "<group>"; };
		362DFCAD1299150100DEC892 /* NSString+Helper.h */ = {isa = PBXFileReference; fileEncoding = 4; lastKnownFileType = sourcecode.c.h; path = "NSString+Helper.h"; sourceTree = "<group>"; };
		362DFCAE1299150100DEC892 /* NSString+Helper.m */ = {isa = PBXFileReference; fileEncoding = 4; lastKnownFileType = sourcecode.c.objc; path = "NSString+Helper.m"; sourceTree = "<group>"; };
		362DFCAF1299150100DEC892 /* NSUserDefaults+Helper.h */ = {isa = PBXFileReference; fileEncoding = 4; lastKnownFileType = sourcecode.c.h; path = "NSUserDefaults+Helper.h"; sourceTree = "<group>"; };
		362DFCB01299150100DEC892 /* NSUserDefaults+Helper.m */ = {isa = PBXFileReference; fileEncoding = 4; lastKnownFileType = sourcecode.c.objc; path = "NSUserDefaults+Helper.m"; sourceTree = "<group>"; };
		362DFDEA129915C600DEC892 /* main.m */ = {isa = PBXFileReference; fileEncoding = 4; lastKnownFileType = sourcecode.c.objc; path = main.m; sourceTree = "<group>"; };
		36344739125FCED1006F3295 /* ServiceDetailViewController_iPhone.h */ = {isa = PBXFileReference; fileEncoding = 4; lastKnownFileType = sourcecode.c.h; path = ServiceDetailViewController_iPhone.h; sourceTree = "<group>"; };
		3634473A125FCED1006F3295 /* ServiceDetailViewController_iPhone.m */ = {isa = PBXFileReference; fileEncoding = 4; lastKnownFileType = sourcecode.c.objc; path = ServiceDetailViewController_iPhone.m; sourceTree = "<group>"; };
		3634473B125FCED1006F3295 /* ServiceDetailView_iPhone.xib */ = {isa = PBXFileReference; lastKnownFileType = file.xib; path = ServiceDetailView_iPhone.xib; sourceTree = "<group>"; };
		364150F1126CE66700DD9394 /* SearchViewController_iPhone.h */ = {isa = PBXFileReference; fileEncoding = 4; lastKnownFileType = sourcecode.c.h; path = SearchViewController_iPhone.h; sourceTree = "<group>"; };
		364150F2126CE66700DD9394 /* SearchViewController_iPhone.m */ = {isa = PBXFileReference; fileEncoding = 4; lastKnownFileType = sourcecode.c.objc; path = SearchViewController_iPhone.m; sourceTree = "<group>"; };
		364150F3126CE66700DD9394 /* SearchView_iPhone.xib */ = {isa = PBXFileReference; lastKnownFileType = file.xib; path = SearchView_iPhone.xib; sourceTree = "<group>"; };
		3644C93812B1C65B005607EB /* WebBrowserController.h */ = {isa = PBXFileReference; fileEncoding = 4; lastKnownFileType = sourcecode.c.h; path = WebBrowserController.h; sourceTree = "<group>"; };
		3644C93912B1C65B005607EB /* WebBrowserController.m */ = {isa = PBXFileReference; fileEncoding = 4; lastKnownFileType = sourcecode.c.objc; path = WebBrowserController.m; sourceTree = "<group>"; };
		3644CB2C12B56E7B005607EB /* FavouritesController.h */ = {isa = PBXFileReference; fileEncoding = 4; lastKnownFileType = sourcecode.c.h; path = FavouritesController.h; sourceTree = "<group>"; };
		3644CB2D12B56E7B005607EB /* FavouritesController.m */ = {isa = PBXFileReference; fileEncoding = 4; lastKnownFileType = sourcecode.c.objc; path = FavouritesController.m; sourceTree = "<group>"; };
		3644CB5412B6C9F5005607EB /* BioCatalogueResourceManager.h */ = {isa = PBXFileReference; fileEncoding = 4; lastKnownFileType = sourcecode.c.h; path = BioCatalogueResourceManager.h; sourceTree = "<group>"; };
		3644CB5512B6C9F5005607EB /* BioCatalogueResourceManager.m */ = {isa = PBXFileReference; fileEncoding = 4; lastKnownFileType = sourcecode.c.objc; path = BioCatalogueResourceManager.m; sourceTree = "<group>"; };
		3644CEB012B6EB51005607EB /* GTMHTTPFetcher.h */ = {isa = PBXFileReference; fileEncoding = 4; lastKnownFileType = sourcecode.c.h; path = GTMHTTPFetcher.h; sourceTree = "<group>"; };
		3644CEB112B6EB51005607EB /* GTMHTTPFetcher.m */ = {isa = PBXFileReference; fileEncoding = 4; lastKnownFileType = sourcecode.c.objc; path = GTMHTTPFetcher.m; sourceTree = "<group>"; };
		3644CEB212B6EB51005607EB /* GTMOAuthAuthentication.h */ = {isa = PBXFileReference; fileEncoding = 4; lastKnownFileType = sourcecode.c.h; path = GTMOAuthAuthentication.h; sourceTree = "<group>"; };
		3644CEB312B6EB51005607EB /* GTMOAuthAuthentication.m */ = {isa = PBXFileReference; fileEncoding = 4; lastKnownFileType = sourcecode.c.objc; path = GTMOAuthAuthentication.m; sourceTree = "<group>"; };
		3644CEB412B6EB51005607EB /* GTMOAuthSignIn.h */ = {isa = PBXFileReference; fileEncoding = 4; lastKnownFileType = sourcecode.c.h; path = GTMOAuthSignIn.h; sourceTree = "<group>"; };
		3644CEB512B6EB51005607EB /* GTMOAuthSignIn.m */ = {isa = PBXFileReference; fileEncoding = 4; lastKnownFileType = sourcecode.c.objc; path = GTMOAuthSignIn.m; sourceTree = "<group>"; };
		3644CEB612B6EB51005607EB /* GTMOAuthViewControllerTouch.h */ = {isa = PBXFileReference; fileEncoding = 4; lastKnownFileType = sourcecode.c.h; path = GTMOAuthViewControllerTouch.h; sourceTree = "<group>"; };
		3644CEB712B6EB51005607EB /* GTMOAuthViewControllerTouch.m */ = {isa = PBXFileReference; fileEncoding = 4; lastKnownFileType = sourcecode.c.objc; path = GTMOAuthViewControllerTouch.m; sourceTree = "<group>"; };
		3644CEC012B6EBD6005607EB /* Security.framework */ = {isa = PBXFileReference; lastKnownFileType = wrapper.framework; name = Security.framework; path = System/Library/Frameworks/Security.framework; sourceTree = SDKROOT; };
		3644CEC512B6EBEB005607EB /* SystemConfiguration.framework */ = {isa = PBXFileReference; lastKnownFileType = wrapper.framework; name = SystemConfiguration.framework; path = System/Library/Frameworks/SystemConfiguration.framework; sourceTree = SDKROOT; };
		3644CEED12B6EEAA005607EB /* NSDictionary+Helper.h */ = {isa = PBXFileReference; fileEncoding = 4; lastKnownFileType = sourcecode.c.h; path = "NSDictionary+Helper.h"; sourceTree = "<group>"; };
		3644CEEE12B6EEAA005607EB /* NSDictionary+Helper.m */ = {isa = PBXFileReference; fileEncoding = 4; lastKnownFileType = sourcecode.c.objc; path = "NSDictionary+Helper.m"; sourceTree = "<group>"; };
		3644CFC112B704FB005607EB /* NSThread+Helper.h */ = {isa = PBXFileReference; fileEncoding = 4; lastKnownFileType = sourcecode.c.h; path = "NSThread+Helper.h"; sourceTree = "<group>"; };
		3644CFC212B704FB005607EB /* NSThread+Helper.m */ = {isa = PBXFileReference; fileEncoding = 4; lastKnownFileType = sourcecode.c.objc; path = "NSThread+Helper.m"; sourceTree = "<group>"; };
		3644D0F312B718BE005607EB /* NSError+Helper.h */ = {isa = PBXFileReference; fileEncoding = 4; lastKnownFileType = sourcecode.c.h; path = "NSError+Helper.h"; sourceTree = "<group>"; };
		3644D0F412B718BE005607EB /* NSError+Helper.m */ = {isa = PBXFileReference; fileEncoding = 4; lastKnownFileType = sourcecode.c.objc; path = "NSError+Helper.m"; sourceTree = "<group>"; };
		3644D16D12B723B7005607EB /* ServiceComponent.h */ = {isa = PBXFileReference; fileEncoding = 4; lastKnownFileType = sourcecode.c.h; path = ServiceComponent.h; sourceTree = "<group>"; };
		3644D16E12B723B7005607EB /* ServiceComponent.m */ = {isa = PBXFileReference; fileEncoding = 4; lastKnownFileType = sourcecode.c.objc; path = ServiceComponent.m; sourceTree = "<group>"; };
		3644D16F12B723B7005607EB /* MonitoringStatusUpdate.h */ = {isa = PBXFileReference; fileEncoding = 4; lastKnownFileType = sourcecode.c.h; path = MonitoringStatusUpdate.h; sourceTree = "<group>"; };
		3644D17012B723B7005607EB /* MonitoringStatusUpdate.m */ = {isa = PBXFileReference; fileEncoding = 4; lastKnownFileType = sourcecode.c.objc; path = MonitoringStatusUpdate.m; sourceTree = "<group>"; };
		3644D17112B723B7005607EB /* BioCatalogue.h */ = {isa = PBXFileReference; fileEncoding = 4; lastKnownFileType = sourcecode.c.h; path = BioCatalogue.h; sourceTree = "<group>"; };
		3644D17212B723B7005607EB /* BioCatalogue.m */ = {isa = PBXFileReference; fileEncoding = 4; lastKnownFileType = sourcecode.c.objc; path = BioCatalogue.m; sourceTree = "<group>"; };
		3644D17512B723B7005607EB /* Location.h */ = {isa = PBXFileReference; fileEncoding = 4; lastKnownFileType = sourcecode.c.h; path = Location.h; sourceTree = "<group>"; };
		3644D17612B723B7005607EB /* Location.m */ = {isa = PBXFileReference; fileEncoding = 4; lastKnownFileType = sourcecode.c.objc; path = Location.m; sourceTree = "<group>"; };
		3644D17712B723B7005607EB /* Provider.h */ = {isa = PBXFileReference; fileEncoding = 4; lastKnownFileType = sourcecode.c.h; path = Provider.h; sourceTree = "<group>"; };
		3644D17812B723B7005607EB /* Provider.m */ = {isa = PBXFileReference; fileEncoding = 4; lastKnownFileType = sourcecode.c.objc; path = Provider.m; sourceTree = "<group>"; };
		3644D1D512B728A4005607EB /* User.h */ = {isa = PBXFileReference; fileEncoding = 4; lastKnownFileType = sourcecode.c.h; path = User.h; sourceTree = "<group>"; };
		3644D1D612B728A4005607EB /* User.m */ = {isa = PBXFileReference; fileEncoding = 4; lastKnownFileType = sourcecode.c.objc; path = User.m; sourceTree = "<group>"; };
		3644D25012B7361C005607EB /* Service.h */ = {isa = PBXFileReference; fileEncoding = 4; lastKnownFileType = sourcecode.c.h; path = Service.h; sourceTree = "<group>"; };
		3644D25112B7361E005607EB /* Service.m */ = {isa = PBXFileReference; fileEncoding = 4; lastKnownFileType = sourcecode.c.objc; path = Service.m; sourceTree = "<group>"; };
		365C6978125BCBE20099CE38 /* Tests.octest */ = {isa = PBXFileReference; explicitFileType = wrapper.cfbundle; includeInIndex = 0; path = Tests.octest; sourceTree = BUILT_PRODUCTS_DIR; };
		365C6979125BCBE20099CE38 /* Tests-Info.plist */ = {isa = PBXFileReference; lastKnownFileType = text.plist.xml; path = "Tests-Info.plist"; sourceTree = "<group>"; };
		365C698F125BCCA80099CE38 /* TestBioCatalogueClient.h */ = {isa = PBXFileReference; fileEncoding = 4; lastKnownFileType = sourcecode.c.h; path = TestBioCatalogueClient.h; sourceTree = "<group>"; };
		365C6990125BCCA80099CE38 /* TestBioCatalogueClient.m */ = {isa = PBXFileReference; fileEncoding = 4; lastKnownFileType = sourcecode.c.objc; path = TestBioCatalogueClient.m; sourceTree = "<group>"; };
		366464D912AF2D7000DEACC3 /* BioMonitor-Info.plist */ = {isa = PBXFileReference; fileEncoding = 4; lastKnownFileType = text.plist.xml; path = "BioMonitor-Info.plist"; sourceTree = SOURCE_ROOT; };
		3664652712B0505000DEACC3 /* MonitoringStatusViewController.h */ = {isa = PBXFileReference; fileEncoding = 4; lastKnownFileType = sourcecode.c.h; path = MonitoringStatusViewController.h; sourceTree = "<group>"; };
		3664652812B0505000DEACC3 /* MonitoringStatusViewController.m */ = {isa = PBXFileReference; fileEncoding = 4; lastKnownFileType = sourcecode.c.objc; path = MonitoringStatusViewController.m; sourceTree = "<group>"; };
		3664652912B0505000DEACC3 /* PaginationController.h */ = {isa = PBXFileReference; fileEncoding = 4; lastKnownFileType = sourcecode.c.h; path = PaginationController.h; sourceTree = "<group>"; };
		3664652A12B0505000DEACC3 /* PaginationController.m */ = {isa = PBXFileReference; fileEncoding = 4; lastKnownFileType = sourcecode.c.objc; path = PaginationController.m; sourceTree = "<group>"; };
		3664652B12B0505000DEACC3 /* ServiceComponentsViewController.h */ = {isa = PBXFileReference; fileEncoding = 4; lastKnownFileType = sourcecode.c.h; path = ServiceComponentsViewController.h; sourceTree = "<group>"; };
		3664652C12B0505000DEACC3 /* ServiceComponentsViewController.m */ = {isa = PBXFileReference; fileEncoding = 4; lastKnownFileType = sourcecode.c.objc; path = ServiceComponentsViewController.m; sourceTree = "<group>"; };
		3664653112B050B000DEACC3 /* AppConstants.h */ = {isa = PBXFileReference; fileEncoding = 4; lastKnownFileType = sourcecode.c.h; path = AppConstants.h; sourceTree = "<group>"; };
		3664653212B050B000DEACC3 /* AppConstants.m */ = {isa = PBXFileReference; fileEncoding = 4; lastKnownFileType = sourcecode.c.objc; path = AppConstants.m; sourceTree = "<group>"; };
		3664654E12B051C900DEACC3 /* UIContentController.h */ = {isa = PBXFileReference; fileEncoding = 4; lastKnownFileType = sourcecode.c.h; path = UIContentController.h; sourceTree = "<group>"; };
		3664654F12B051C900DEACC3 /* UIContentController.m */ = {isa = PBXFileReference; fileEncoding = 4; lastKnownFileType = sourcecode.c.objc; path = UIContentController.m; sourceTree = "<group>"; };
		3664672712B07BD800DEACC3 /* MonitoringStatusView.xib */ = {isa = PBXFileReference; lastKnownFileType = file.xib; path = MonitoringStatusView.xib; sourceTree = "<group>"; };
		3664674612B07DAD00DEACC3 /* ServiceComponentsView.xib */ = {isa = PBXFileReference; lastKnownFileType = file.xib; path = ServiceComponentsView.xib; sourceTree = "<group>"; };
		368353C312949FC60029D92A /* AppDelegate_iPad.h */ = {isa = PBXFileReference; fileEncoding = 4; lastKnownFileType = sourcecode.c.h; path = AppDelegate_iPad.h; sourceTree = "<group>"; };
		368353C412949FC60029D92A /* AppDelegate_iPad.m */ = {isa = PBXFileReference; fileEncoding = 4; lastKnownFileType = sourcecode.c.objc; path = AppDelegate_iPad.m; sourceTree = "<group>"; };
		368353C512949FC60029D92A /* DetailView_iPad.xib */ = {isa = PBXFileReference; lastKnownFileType = file.xib; path = DetailView_iPad.xib; sourceTree = "<group>"; };
		368353C612949FC60029D92A /* DetailViewController_iPad.h */ = {isa = PBXFileReference; fileEncoding = 4; lastKnownFileType = sourcecode.c.h; path = DetailViewController_iPad.h; sourceTree = "<group>"; };
		368353C712949FC60029D92A /* DetailViewController_iPad.m */ = {isa = PBXFileReference; fileEncoding = 4; lastKnownFileType = sourcecode.c.objc; path = DetailViewController_iPad.m; sourceTree = "<group>"; };
		368353CA12949FC60029D92A /* MainWindow_iPad.xib */ = {isa = PBXFileReference; lastKnownFileType = file.xib; path = MainWindow_iPad.xib; sourceTree = "<group>"; };
		368353CB12949FC60029D92A /* SearchViewController_iPad.h */ = {isa = PBXFileReference; fileEncoding = 4; lastKnownFileType = sourcecode.c.h; path = SearchViewController_iPad.h; sourceTree = "<group>"; };
		368353CC12949FC60029D92A /* SearchViewController_iPad.m */ = {isa = PBXFileReference; fileEncoding = 4; lastKnownFileType = sourcecode.c.objc; path = SearchViewController_iPad.m; sourceTree = "<group>"; };
		368353D612949FDD0029D92A /* GestureHandler_iPad.m */ = {isa = PBXFileReference; fileEncoding = 4; lastKnownFileType = sourcecode.c.objc; path = GestureHandler_iPad.m; sourceTree = "<group>"; };
		368353D712949FDD0029D92A /* GestureHandler_iPad.h */ = {isa = PBXFileReference; fileEncoding = 4; lastKnownFileType = sourcecode.c.h; path = GestureHandler_iPad.h; sourceTree = "<group>"; };
		36C8A00B12F7740A0022190F /* JSONKit.h */ = {isa = PBXFileReference; fileEncoding = 4; lastKnownFileType = sourcecode.c.h; path = JSONKit.h; sourceTree = "<group>"; };
		36C8A00C12F7740A0022190F /* JSONKit.m */ = {isa = PBXFileReference; fileEncoding = 4; lastKnownFileType = sourcecode.c.objc; path = JSONKit.m; sourceTree = "<group>"; };
		36C8A10812F78B9C0022190F /* PullToRefreshViewController.h */ = {isa = PBXFileReference; fileEncoding = 4; lastKnownFileType = sourcecode.c.h; path = PullToRefreshViewController.h; sourceTree = "<group>"; };
		36C8A10912F78B9C0022190F /* PullToRefreshViewController.m */ = {isa = PBXFileReference; fileEncoding = 4; lastKnownFileType = sourcecode.c.objc; path = PullToRefreshViewController.m; sourceTree = "<group>"; };
		36C8A12E12F78E250022190F /* BrowseByProviderViewController.h */ = {isa = PBXFileReference; fileEncoding = 4; lastKnownFileType = sourcecode.c.h; path = BrowseByProviderViewController.h; sourceTree = "<group>"; };
		36C8A12F12F78E250022190F /* BrowseByProviderViewController.m */ = {isa = PBXFileReference; fileEncoding = 4; lastKnownFileType = sourcecode.c.objc; path = BrowseByProviderViewController.m; sourceTree = "<group>"; };
		36C8A14F12F78F220022190F /* QuartzCore.framework */ = {isa = PBXFileReference; lastKnownFileType = wrapper.framework; name = QuartzCore.framework; path = System/Library/Frameworks/QuartzCore.framework; sourceTree = SDKROOT; };
		36C8A1DC12F793BF0022190F /* EGORefreshTableHeaderView.h */ = {isa = PBXFileReference; fileEncoding = 4; lastKnownFileType = sourcecode.c.h; path = EGORefreshTableHeaderView.h; sourceTree = "<group>"; };
		36C8A1DD12F793BF0022190F /* EGORefreshTableHeaderView.m */ = {isa = PBXFileReference; fileEncoding = 4; lastKnownFileType = sourcecode.c.objc; path = EGORefreshTableHeaderView.m; sourceTree = "<group>"; };
		36C8A2CB12F7A3D40022190F /* BrowseByDateViewController.h */ = {isa = PBXFileReference; fileEncoding = 4; lastKnownFileType = sourcecode.c.h; path = BrowseByDateViewController.h; sourceTree = "<group>"; };
		36C8A2CC12F7A3D40022190F /* BrowseByDateViewController.m */ = {isa = PBXFileReference; fileEncoding = 4; lastKnownFileType = sourcecode.c.objc; path = BrowseByDateViewController.m; sourceTree = "<group>"; };
		36C8A30812F7A8250022190F /* BrowseByDateView.xib */ = {isa = PBXFileReference; lastKnownFileType = file.xib; path = BrowseByDateView.xib; sourceTree = "<group>"; };
		36C8A4B612F7CAC90022190F /* BioMonitor.tiff */ = {isa = PBXFileReference; lastKnownFileType = image.tiff; path = BioMonitor.tiff; sourceTree = "<group>"; };
		36C8A4B712F7CAC90022190F /* BrushedMetalBack.jpg */ = {isa = PBXFileReference; lastKnownFileType = image.jpeg; path = BrushedMetalBack.jpg; sourceTree = "<group>"; };
		36C8A4B912F7CAC90022190F /* blueArrow.png */ = {isa = PBXFileReference; lastKnownFileType = image.png; path = blueArrow.png; sourceTree = "<group>"; };
		36C8A4BA12F7CAC90022190F /* blueArrow@2x.png */ = {isa = PBXFileReference; lastKnownFileType = image.png; path = "blueArrow@2x.png"; sourceTree = "<group>"; };
		36C8A4BB12F7CAC90022190F /* logo_beta_small.png */ = {isa = PBXFileReference; lastKnownFileType = image.png; path = logo_beta_small.png; sourceTree = "<group>"; };
		36C8A4BD12F7CAC90022190F /* small-cross-sphere-50.png */ = {isa = PBXFileReference; lastKnownFileType = image.png; path = "small-cross-sphere-50.png"; sourceTree = "<group>"; };
		36C8A4BE12F7CAC90022190F /* small-pling-sphere-50.png */ = {isa = PBXFileReference; lastKnownFileType = image.png; path = "small-pling-sphere-50.png"; sourceTree = "<group>"; };
		36C8A4BF12F7CAC90022190F /* small-query-sphere-50.png */ = {isa = PBXFileReference; lastKnownFileType = image.png; path = "small-query-sphere-50.png"; sourceTree = "<group>"; };
		36C8A4C012F7CAC90022190F /* small-tick-sphere-50.png */ = {isa = PBXFileReference; lastKnownFileType = image.png; path = "small-tick-sphere-50.png"; sourceTree = "<group>"; };
		36C8A51712F7D2400022190F /* rounded-corners.png */ = {isa = PBXFileReference; lastKnownFileType = image.png; path = "rounded-corners.png"; sourceTree = "<group>"; };
		36C8A52112F7D3A60022190F /* boxed-x2.png */ = {isa = PBXFileReference; lastKnownFileType = image.png; path = "boxed-x2.png"; sourceTree = "<group>"; };
		36C8A52812F7D46B0022190F /* creditcard2.png */ = {isa = PBXFileReference; lastKnownFileType = image.png; path = creditcard2.png; sourceTree = "<group>"; };
		36C8A52912F7D46B0022190F /* gear3.png */ = {isa = PBXFileReference; lastKnownFileType = image.png; path = gear3.png; sourceTree = "<group>"; };
		36C8A52A12F7D46B0022190F /* magnifying-glass-ps.png */ = {isa = PBXFileReference; lastKnownFileType = image.png; path = "magnifying-glass-ps.png"; sourceTree = "<group>"; };
		36C8A53012F7D5990022190F /* people-head.png */ = {isa = PBXFileReference; lastKnownFileType = image.png; path = "people-head.png"; sourceTree = "<group>"; };
		36C8A53212F7D5A30022190F /* people-family4.png */ = {isa = PBXFileReference; lastKnownFileType = image.png; path = "people-family4.png"; sourceTree = "<group>"; };
		36C8A54012F7D6930022190F /* 111-user.png */ = {isa = PBXFileReference; lastKnownFileType = image.png; path = "111-user.png"; sourceTree = "<group>"; };
		36C8A54112F7D6930022190F /* 112-group.png */ = {isa = PBXFileReference; lastKnownFileType = image.png; path = "112-group.png"; sourceTree = "<group>"; };
		36C8A54E12F7D7F60022190F /* star4.png */ = {isa = PBXFileReference; lastKnownFileType = image.png; path = star4.png; sourceTree = "<group>"; };
		36C8A54F12F7D7F60022190F /* star8-sc48.png */ = {isa = PBXFileReference; lastKnownFileType = image.png; path = "star8-sc48.png"; sourceTree = "<group>"; };
		36CD0B7612959B9A00DAE156 /* TestNSString+Helper.h */ = {isa = PBXFileReference; fileEncoding = 4; lastKnownFileType = sourcecode.c.h; path = "TestNSString+Helper.h"; sourceTree = "<group>"; };
		36CD0B7712959B9A00DAE156 /* TestNSString+Helper.m */ = {isa = PBXFileReference; fileEncoding = 4; lastKnownFileType = sourcecode.c.objc; path = "TestNSString+Helper.m"; sourceTree = "<group>"; };
		36F0417812A34CDE00B9BAB2 /* UIDevice+Helper.h */ = {isa = PBXFileReference; fileEncoding = 4; lastKnownFileType = sourcecode.c.h; path = "UIDevice+Helper.h"; sourceTree = "<group>"; };
		36F0417912A34CDE00B9BAB2 /* UIDevice+Helper.m */ = {isa = PBXFileReference; fileEncoding = 4; lastKnownFileType = sourcecode.c.objc; path = "UIDevice+Helper.m"; sourceTree = "<group>"; };
/* End PBXFileReference section */

/* Begin PBXFrameworksBuildPhase section */
		1D60588F0D05DD3D006BFB54 /* Frameworks */ = {
			isa = PBXFrameworksBuildPhase;
			buildActionMask = 2147483647;
			files = (
				1D60589F0D05DD5A006BFB54 /* Foundation.framework in Frameworks */,
				1DF5F4E00D08C38300B7A737 /* UIKit.framework in Frameworks */,
				288765FD0DF74451002DB57D /* CoreGraphics.framework in Frameworks */,
				28EEBFDD1118E19E00187D67 /* CoreData.framework in Frameworks */,
				3644CEC112B6EBD6005607EB /* Security.framework in Frameworks */,
				3644CEC612B6EBEB005607EB /* SystemConfiguration.framework in Frameworks */,
				36C8A15012F78F220022190F /* QuartzCore.framework in Frameworks */,
			);
			runOnlyForDeploymentPostprocessing = 0;
		};
		365C6975125BCBE20099CE38 /* Frameworks */ = {
			isa = PBXFrameworksBuildPhase;
			buildActionMask = 2147483647;
			files = (
			);
			runOnlyForDeploymentPostprocessing = 0;
		};
/* End PBXFrameworksBuildPhase section */

/* Begin PBXGroup section */
		19C28FACFE9D520D11CA2CBB /* Products */ = {
			isa = PBXGroup;
			children = (
				1D6058910D05DD3D006BFB54 /* BioMonitor.app */,
				365C6978125BCBE20099CE38 /* Tests.octest */,
			);
			name = Products;
			sourceTree = "<group>";
		};
		2860E386111B897F00E27156 /* iPhone */ = {
			isa = PBXGroup;
			children = (
				36834CF2128F58ED0029D92A /* XIBs */,
				3664677E12B0833300DEACC3 /* Controllers */,
				2860E387111B897F00E27156 /* AppDelegate_iPhone.h */,
				2860E388111B897F00E27156 /* AppDelegate_iPhone.m */,
			);
			path = iPhone;
			sourceTree = "<group>";
		};
		29B97314FDCFA39411CA2CEA /* CustomTemplate */ = {
			isa = PBXGroup;
			children = (
				2860E386111B897F00E27156 /* iPhone */,
				29B97317FDCFA39411CA2CEA /* iPad */,
				362DFCA11299150100DEC892 /* Shared */,
				29B97315FDCFA39411CA2CEA /* Other Sources */,
				29B97323FDCFA39411CA2CEA /* Frameworks */,
				19C28FACFE9D520D11CA2CBB /* Products */,
				365C6979125BCBE20099CE38 /* Tests-Info.plist */,
				365C697D125BCBFD0099CE38 /* Tests */,
			);
			name = CustomTemplate;
			sourceTree = "<group>";
		};
		29B97315FDCFA39411CA2CEA /* Other Sources */ = {
			isa = PBXGroup;
			children = (
				362DFDEA129915C600DEC892 /* main.m */,
				32CA4F630368D1EE00C91783 /* BioMonitor_Prefix.pch */,
				365C68DA125BC5FC0099CE38 /* Frameworks */,
			);
			name = "Other Sources";
			sourceTree = "<group>";
		};
		29B97317FDCFA39411CA2CEA /* iPad */ = {
			isa = PBXGroup;
			children = (
				36834CF3128F590B0029D92A /* XIBs */,
				3664677D12B0831200DEACC3 /* Controllers */,
				368353C312949FC60029D92A /* AppDelegate_iPad.h */,
				368353C412949FC60029D92A /* AppDelegate_iPad.m */,
				368353D712949FDD0029D92A /* GestureHandler_iPad.h */,
				368353D612949FDD0029D92A /* GestureHandler_iPad.m */,
			);
			path = iPad;
			sourceTree = "<group>";
		};
		29B97323FDCFA39411CA2CEA /* Frameworks */ = {
			isa = PBXGroup;
			children = (
				1DF5F4DF0D08C38300B7A737 /* UIKit.framework */,
				1D30AB110D05D00D00671497 /* Foundation.framework */,
				288765FC0DF74451002DB57D /* CoreGraphics.framework */,
				28EEBFDC1118E19E00187D67 /* CoreData.framework */,
				3644CEC012B6EBD6005607EB /* Security.framework */,
				3644CEC512B6EBEB005607EB /* SystemConfiguration.framework */,
				36C8A14F12F78F220022190F /* QuartzCore.framework */,
			);
			name = Frameworks;
			sourceTree = "<group>";
		};
		362DFCA11299150100DEC892 /* Shared */ = {
			isa = PBXGroup;
			children = (
				36C8A4B512F7CAC90022190F /* Resources */,
				3664672312B07B8100DEACC3 /* XIBs */,
				3644D0CC12B71641005607EB /* Models */,
				366464D912AF2D7000DEACC3 /* BioMonitor-Info.plist */,
				362DFCA21299150100DEC892 /* AppDelegate_Shared.h */,
				362DFCA31299150100DEC892 /* AppDelegate_Shared.m */,
				3664653112B050B000DEACC3 /* AppConstants.h */,
				3664653212B050B000DEACC3 /* AppConstants.m */,
				362DFCA41299150100DEC892 /* BioCatalogueClient.h */,
				362DFCA51299150100DEC892 /* BioCatalogueClient.m */,
				3644CB5412B6C9F5005607EB /* BioCatalogueResourceManager.h */,
				3644CB5512B6C9F5005607EB /* BioCatalogueResourceManager.m */,
				362DFCA81299150100DEC892 /* Categories */,
				3664651C12B04FF100DEACC3 /* Controllers */,
			);
			path = Shared;
			sourceTree = "<group>";
		};
		362DFCA81299150100DEC892 /* Categories */ = {
			isa = PBXGroup;
			children = (
				362DFCAD1299150100DEC892 /* NSString+Helper.h */,
				362DFCAE1299150100DEC892 /* NSString+Helper.m */,
				362DFCAF1299150100DEC892 /* NSUserDefaults+Helper.h */,
				362DFCB01299150100DEC892 /* NSUserDefaults+Helper.m */,
				36F0417812A34CDE00B9BAB2 /* UIDevice+Helper.h */,
				36F0417912A34CDE00B9BAB2 /* UIDevice+Helper.m */,
				3644CEED12B6EEAA005607EB /* NSDictionary+Helper.h */,
				3644CEEE12B6EEAA005607EB /* NSDictionary+Helper.m */,
				3644CFC112B704FB005607EB /* NSThread+Helper.h */,
				3644CFC212B704FB005607EB /* NSThread+Helper.m */,
				3644D0F312B718BE005607EB /* NSError+Helper.h */,
				3644D0F412B718BE005607EB /* NSError+Helper.m */,
			);
			path = Categories;
			sourceTree = "<group>";
		};
		3644CE9012B6EA85005607EB /* OAuth */ = {
			isa = PBXGroup;
			children = (
				3644CEB012B6EB51005607EB /* GTMHTTPFetcher.h */,
				3644CEB112B6EB51005607EB /* GTMHTTPFetcher.m */,
				3644CEB212B6EB51005607EB /* GTMOAuthAuthentication.h */,
				3644CEB312B6EB51005607EB /* GTMOAuthAuthentication.m */,
				3644CEB412B6EB51005607EB /* GTMOAuthSignIn.h */,
				3644CEB512B6EB51005607EB /* GTMOAuthSignIn.m */,
				3644CEB612B6EB51005607EB /* GTMOAuthViewControllerTouch.h */,
				3644CEB712B6EB51005607EB /* GTMOAuthViewControllerTouch.m */,
			);
			path = OAuth;
			sourceTree = "<group>";
		};
		3644D0CC12B71641005607EB /* Models */ = {
			isa = PBXGroup;
			children = (
				362DFCA61299150100DEC892 /* BioMonitor.xcdatamodeld */,
				3644D16D12B723B7005607EB /* ServiceComponent.h */,
				3644D16E12B723B7005607EB /* ServiceComponent.m */,
				3644D16F12B723B7005607EB /* MonitoringStatusUpdate.h */,
				3644D17012B723B7005607EB /* MonitoringStatusUpdate.m */,
				3644D17112B723B7005607EB /* BioCatalogue.h */,
				3644D17212B723B7005607EB /* BioCatalogue.m */,
				3644D17512B723B7005607EB /* Location.h */,
				3644D17612B723B7005607EB /* Location.m */,
				3644D17712B723B7005607EB /* Provider.h */,
				3644D17812B723B7005607EB /* Provider.m */,
				3644D1D512B728A4005607EB /* User.h */,
				3644D1D612B728A4005607EB /* User.m */,
				3644D25012B7361C005607EB /* Service.h */,
				3644D25112B7361E005607EB /* Service.m */,
			);
			path = Models;
			sourceTree = "<group>";
		};
		365C68DA125BC5FC0099CE38 /* Frameworks */ = {
			isa = PBXGroup;
			children = (
				36C8A1DB12F793BF0022190F /* EGOTableViewPullRefresh */,
				3644CE9012B6EA85005607EB /* OAuth */,
				365C68DB125BC6230099CE38 /* JSON */,
			);
			path = Frameworks;
			sourceTree = "<group>";
		};
		365C68DB125BC6230099CE38 /* JSON */ = {
			isa = PBXGroup;
			children = (
				36C8A00B12F7740A0022190F /* JSONKit.h */,
				36C8A00C12F7740A0022190F /* JSONKit.m */,
			);
			path = JSON;
			sourceTree = "<group>";
		};
		365C697D125BCBFD0099CE38 /* Tests */ = {
			isa = PBXGroup;
			children = (
				365C698F125BCCA80099CE38 /* TestBioCatalogueClient.h */,
				365C6990125BCCA80099CE38 /* TestBioCatalogueClient.m */,
				36CD0B7612959B9A00DAE156 /* TestNSString+Helper.h */,
				36CD0B7712959B9A00DAE156 /* TestNSString+Helper.m */,
			);
			path = Tests;
			sourceTree = "<group>";
		};
		3664651C12B04FF100DEACC3 /* Controllers */ = {
			isa = PBXGroup;
			children = (
				3664652712B0505000DEACC3 /* MonitoringStatusViewController.h */,
				3664652812B0505000DEACC3 /* MonitoringStatusViewController.m */,
				3664652B12B0505000DEACC3 /* ServiceComponentsViewController.h */,
				3664652C12B0505000DEACC3 /* ServiceComponentsViewController.m */,
				3664652912B0505000DEACC3 /* PaginationController.h */,
				3664652A12B0505000DEACC3 /* PaginationController.m */,
				3664654E12B051C900DEACC3 /* UIContentController.h */,
				3664654F12B051C900DEACC3 /* UIContentController.m */,
				3644C93812B1C65B005607EB /* WebBrowserController.h */,
				3644C93912B1C65B005607EB /* WebBrowserController.m */,
				3644CB2C12B56E7B005607EB /* FavouritesController.h */,
				3644CB2D12B56E7B005607EB /* FavouritesController.m */,
				36C8A10812F78B9C0022190F /* PullToRefreshViewController.h */,
				36C8A10912F78B9C0022190F /* PullToRefreshViewController.m */,
				36C8A12E12F78E250022190F /* BrowseByProviderViewController.h */,
				36C8A12F12F78E250022190F /* BrowseByProviderViewController.m */,
				36C8A2CB12F7A3D40022190F /* BrowseByDateViewController.h */,
				36C8A2CC12F7A3D40022190F /* BrowseByDateViewController.m */,
			);
			path = Controllers;
			sourceTree = "<group>";
		};
		3664672312B07B8100DEACC3 /* XIBs */ = {
			isa = PBXGroup;
			children = (
				3664672712B07BD800DEACC3 /* MonitoringStatusView.xib */,
				3664674612B07DAD00DEACC3 /* ServiceComponentsView.xib */,
				36C8A30812F7A8250022190F /* BrowseByDateView.xib */,
			);
			path = XIBs;
			sourceTree = "<group>";
		};
		3664677D12B0831200DEACC3 /* Controllers */ = {
			isa = PBXGroup;
			children = (
				368353C612949FC60029D92A /* DetailViewController_iPad.h */,
				368353C712949FC60029D92A /* DetailViewController_iPad.m */,
				368353CB12949FC60029D92A /* SearchViewController_iPad.h */,
				368353CC12949FC60029D92A /* SearchViewController_iPad.m */,
			);
			path = Controllers;
			sourceTree = "<group>";
		};
		3664677E12B0833300DEACC3 /* Controllers */ = {
			isa = PBXGroup;
			children = (
				36344739125FCED1006F3295 /* ServiceDetailViewController_iPhone.h */,
				3634473A125FCED1006F3295 /* ServiceDetailViewController_iPhone.m */,
				3611BE671268E3770076404E /* UserDetailViewController_iPhone.h */,
				3611BE681268E3770076404E /* UserDetailViewController_iPhone.m */,
				3611C017126B2DEE0076404E /* ProviderDetailViewController_iPhone.h */,
				3611C018126B2DEE0076404E /* ProviderDetailViewController_iPhone.m */,
				364150F1126CE66700DD9394 /* SearchViewController_iPhone.h */,
				364150F2126CE66700DD9394 /* SearchViewController_iPhone.m */,
			);
			path = Controllers;
			sourceTree = "<group>";
		};
		36834CF2128F58ED0029D92A /* XIBs */ = {
			isa = PBXGroup;
			children = (
				2860E389111B897F00E27156 /* MainWindow_iPhone.xib */,
				3634473B125FCED1006F3295 /* ServiceDetailView_iPhone.xib */,
				3611BE691268E3770076404E /* UserDetailView_iPhone.xib */,
				3611C019126B2DEE0076404E /* ProviderDetailView_iPhone.xib */,
				364150F3126CE66700DD9394 /* SearchView_iPhone.xib */,
			);
			path = XIBs;
			sourceTree = "<group>";
		};
		36834CF3128F590B0029D92A /* XIBs */ = {
			isa = PBXGroup;
			children = (
				368353CA12949FC60029D92A /* MainWindow_iPad.xib */,
				368353C512949FC60029D92A /* DetailView_iPad.xib */,
			);
			path = XIBs;
			sourceTree = "<group>";
		};
		36C8A1DB12F793BF0022190F /* EGOTableViewPullRefresh */ = {
			isa = PBXGroup;
			children = (
				36C8A1DC12F793BF0022190F /* EGORefreshTableHeaderView.h */,
				36C8A1DD12F793BF0022190F /* EGORefreshTableHeaderView.m */,
			);
			path = EGOTableViewPullRefresh;
			sourceTree = "<group>";
		};
		36C8A4B512F7CAC90022190F /* Resources */ = {
			isa = PBXGroup;
			children = (
				36C8A4B612F7CAC90022190F /* BioMonitor.tiff */,
				36C8A4B712F7CAC90022190F /* BrushedMetalBack.jpg */,
				36C8A51712F7D2400022190F /* rounded-corners.png */,
				36C8A52112F7D3A60022190F /* boxed-x2.png */,
				36C8A52812F7D46B0022190F /* creditcard2.png */,
				36C8A52912F7D46B0022190F /* gear3.png */,
				36C8A53012F7D5990022190F /* people-head.png */,
				36C8A53212F7D5A30022190F /* people-family4.png */,
				36C8A52A12F7D46B0022190F /* magnifying-glass-ps.png */,
				36C8A54012F7D6930022190F /* 111-user.png */,
				36C8A54112F7D6930022190F /* 112-group.png */,
				36C8A54E12F7D7F60022190F /* star4.png */,
				36C8A54F12F7D7F60022190F /* star8-sc48.png */,
				36C8A4B812F7CAC90022190F /* EGOTableViewPullRefresh */,
				36C8A4BB12F7CAC90022190F /* logo_beta_small.png */,
				36C8A4BC12F7CAC90022190F /* Monitoring */,
			);
			path = Resources;
			sourceTree = "<group>";
		};
		36C8A4B812F7CAC90022190F /* EGOTableViewPullRefresh */ = {
			isa = PBXGroup;
			children = (
				36C8A4B912F7CAC90022190F /* blueArrow.png */,
				36C8A4BA12F7CAC90022190F /* blueArrow@2x.png */,
			);
			path = EGOTableViewPullRefresh;
			sourceTree = "<group>";
		};
		36C8A4BC12F7CAC90022190F /* Monitoring */ = {
			isa = PBXGroup;
			children = (
				36C8A4BD12F7CAC90022190F /* small-cross-sphere-50.png */,
				36C8A4BE12F7CAC90022190F /* small-pling-sphere-50.png */,
				36C8A4BF12F7CAC90022190F /* small-query-sphere-50.png */,
				36C8A4C012F7CAC90022190F /* small-tick-sphere-50.png */,
			);
			path = Monitoring;
			sourceTree = "<group>";
		};
/* End PBXGroup section */

/* Begin PBXNativeTarget section */
		1D6058900D05DD3D006BFB54 /* BioMonitor */ = {
			isa = PBXNativeTarget;
			buildConfigurationList = 1D6058960D05DD3E006BFB54 /* Build configuration list for PBXNativeTarget "BioMonitor" */;
			buildPhases = (
				1D60588D0D05DD3D006BFB54 /* Resources */,
				1D60588E0D05DD3D006BFB54 /* Sources */,
				1D60588F0D05DD3D006BFB54 /* Frameworks */,
			);
			buildRules = (
			);
			dependencies = (
			);
			name = BioMonitor;
			productName = BioMonitor;
			productReference = 1D6058910D05DD3D006BFB54 /* BioMonitor.app */;
			productType = "com.apple.product-type.application";
		};
		365C6977125BCBE20099CE38 /* Tests */ = {
			isa = PBXNativeTarget;
			buildConfigurationList = 365C697C125BCBE30099CE38 /* Build configuration list for PBXNativeTarget "Tests" */;
			buildPhases = (
				365C6973125BCBE20099CE38 /* Resources */,
				365C6974125BCBE20099CE38 /* Sources */,
				365C6975125BCBE20099CE38 /* Frameworks */,
				365C6976125BCBE20099CE38 /* ShellScript */,
			);
			buildRules = (
			);
			dependencies = (
			);
			name = Tests;
			productName = Tests;
			productReference = 365C6978125BCBE20099CE38 /* Tests.octest */;
			productType = "com.apple.product-type.bundle";
		};
/* End PBXNativeTarget section */

/* Begin PBXProject section */
		29B97313FDCFA39411CA2CEA /* Project object */ = {
			isa = PBXProject;
			buildConfigurationList = C01FCF4E08A954540054247B /* Build configuration list for PBXProject "BioMonitor" */;
			compatibilityVersion = "Xcode 3.1";
			developmentRegion = English;
			hasScannedForEncodings = 1;
			knownRegions = (
				English,
				Japanese,
				French,
				German,
			);
			mainGroup = 29B97314FDCFA39411CA2CEA /* CustomTemplate */;
			projectDirPath = "";
			projectRoot = "";
			targets = (
				1D6058900D05DD3D006BFB54 /* BioMonitor */,
				365C6977125BCBE20099CE38 /* Tests */,
			);
		};
/* End PBXProject section */

/* Begin PBXResourcesBuildPhase section */
		1D60588D0D05DD3D006BFB54 /* Resources */ = {
			isa = PBXResourcesBuildPhase;
			buildActionMask = 2147483647;
			files = (
				2860E38B111B897F00E27156 /* MainWindow_iPhone.xib in Resources */,
				3634473D125FCED1006F3295 /* ServiceDetailView_iPhone.xib in Resources */,
				3611BE6B1268E3770076404E /* UserDetailView_iPhone.xib in Resources */,
				3611C01B126B2DEE0076404E /* ProviderDetailView_iPhone.xib in Resources */,
				364150F5126CE66700DD9394 /* SearchView_iPhone.xib in Resources */,
				368353CE12949FC60029D92A /* DetailView_iPad.xib in Resources */,
				368353D112949FC60029D92A /* MainWindow_iPad.xib in Resources */,
				3664672812B07BD800DEACC3 /* MonitoringStatusView.xib in Resources */,
				3664674712B07DAD00DEACC3 /* ServiceComponentsView.xib in Resources */,
				36C8A30912F7A8250022190F /* BrowseByDateView.xib in Resources */,
				36C8A4C112F7CAC90022190F /* BioMonitor.tiff in Resources */,
				36C8A4C212F7CAC90022190F /* BrushedMetalBack.jpg in Resources */,
				36C8A4C312F7CAC90022190F /* blueArrow.png in Resources */,
				36C8A4C412F7CAC90022190F /* blueArrow@2x.png in Resources */,
				36C8A4C512F7CAC90022190F /* logo_beta_small.png in Resources */,
				36C8A4C612F7CAC90022190F /* small-cross-sphere-50.png in Resources */,
				36C8A4C712F7CAC90022190F /* small-pling-sphere-50.png in Resources */,
				36C8A4C812F7CAC90022190F /* small-query-sphere-50.png in Resources */,
				36C8A4C912F7CAC90022190F /* small-tick-sphere-50.png in Resources */,
				36C8A51812F7D2400022190F /* rounded-corners.png in Resources */,
				36C8A52212F7D3A60022190F /* boxed-x2.png in Resources */,
				36C8A52C12F7D46B0022190F /* creditcard2.png in Resources */,
				36C8A52D12F7D46B0022190F /* gear3.png in Resources */,
				36C8A52E12F7D46B0022190F /* magnifying-glass-ps.png in Resources */,
				36C8A53112F7D5990022190F /* people-head.png in Resources */,
				36C8A53312F7D5A30022190F /* people-family4.png in Resources */,
				36C8A54212F7D6930022190F /* 111-user.png in Resources */,
				36C8A54312F7D6930022190F /* 112-group.png in Resources */,
				36C8A55012F7D7F60022190F /* star4.png in Resources */,
				36C8A55112F7D7F60022190F /* star8-sc48.png in Resources */,
			);
			runOnlyForDeploymentPostprocessing = 0;
		};
		365C6973125BCBE20099CE38 /* Resources */ = {
			isa = PBXResourcesBuildPhase;
			buildActionMask = 2147483647;
			files = (
			);
			runOnlyForDeploymentPostprocessing = 0;
		};
/* End PBXResourcesBuildPhase section */

/* Begin PBXShellScriptBuildPhase section */
		365C6976125BCBE20099CE38 /* ShellScript */ = {
			isa = PBXShellScriptBuildPhase;
			buildActionMask = 2147483647;
			files = (
			);
			inputPaths = (
			);
			outputPaths = (
			);
			runOnlyForDeploymentPostprocessing = 0;
			shellPath = /bin/sh;
			shellScript = "# Run the unit tests in this test bundle.\n\"${SYSTEM_DEVELOPER_DIR}/Tools/RunUnitTests\"\n";
		};
/* End PBXShellScriptBuildPhase section */

/* Begin PBXSourcesBuildPhase section */
		1D60588E0D05DD3D006BFB54 /* Sources */ = {
			isa = PBXSourcesBuildPhase;
			buildActionMask = 2147483647;
			files = (
				2860E38A111B897F00E27156 /* AppDelegate_iPhone.m in Sources */,
				3634473C125FCED1006F3295 /* ServiceDetailViewController_iPhone.m in Sources */,
				3611BE6A1268E3770076404E /* UserDetailViewController_iPhone.m in Sources */,
				3611C01A126B2DEE0076404E /* ProviderDetailViewController_iPhone.m in Sources */,
				364150F4126CE66700DD9394 /* SearchViewController_iPhone.m in Sources */,
				368353CD12949FC60029D92A /* AppDelegate_iPad.m in Sources */,
				368353CF12949FC60029D92A /* DetailViewController_iPad.m in Sources */,
				368353D212949FC60029D92A /* SearchViewController_iPad.m in Sources */,
				362DFD471299150200DEC892 /* AppDelegate_Shared.m in Sources */,
				362DFD481299150200DEC892 /* BioCatalogueClient.m in Sources */,
				362DFD491299150200DEC892 /* BioMonitor.xcdatamodeld in Sources */,
				362DFD4C1299150200DEC892 /* NSString+Helper.m in Sources */,
				362DFD4D1299150200DEC892 /* NSUserDefaults+Helper.m in Sources */,
				362DFDEB129915C600DEC892 /* main.m in Sources */,
				36F0417A12A34CDE00B9BAB2 /* UIDevice+Helper.m in Sources */,
				3664652E12B0505000DEACC3 /* MonitoringStatusViewController.m in Sources */,
				3664652F12B0505000DEACC3 /* PaginationController.m in Sources */,
				3664653012B0505000DEACC3 /* ServiceComponentsViewController.m in Sources */,
				3664653512B050B000DEACC3 /* AppConstants.m in Sources */,
				3664655012B051C900DEACC3 /* UIContentController.m in Sources */,
				366465AB12B0588E00DEACC3 /* GestureHandler_iPad.m in Sources */,
				3644C93A12B1C65B005607EB /* WebBrowserController.m in Sources */,
				3644CB2E12B56E7B005607EB /* FavouritesController.m in Sources */,
				3644CB5612B6C9F5005607EB /* BioCatalogueResourceManager.m in Sources */,
				3644CEB812B6EB51005607EB /* GTMHTTPFetcher.m in Sources */,
				3644CEB912B6EB51005607EB /* GTMOAuthAuthentication.m in Sources */,
				3644CEBA12B6EB51005607EB /* GTMOAuthSignIn.m in Sources */,
				3644CEBB12B6EB51005607EB /* GTMOAuthViewControllerTouch.m in Sources */,
				3644CEEF12B6EEAA005607EB /* NSDictionary+Helper.m in Sources */,
				3644CFC312B704FB005607EB /* NSThread+Helper.m in Sources */,
				3644D0F512B718BE005607EB /* NSError+Helper.m in Sources */,
				3644D17B12B723B7005607EB /* ServiceComponent.m in Sources */,
				3644D17C12B723B7005607EB /* MonitoringStatusUpdate.m in Sources */,
				3644D17D12B723B7005607EB /* BioCatalogue.m in Sources */,
				3644D17F12B723B7005607EB /* Location.m in Sources */,
				3644D18012B723B7005607EB /* Provider.m in Sources */,
				3644D1D712B728A4005607EB /* User.m in Sources */,
				3644D25212B7361E005607EB /* Service.m in Sources */,
				36C8A00D12F7740A0022190F /* JSONKit.m in Sources */,
				36C8A10A12F78B9C0022190F /* PullToRefreshViewController.m in Sources */,
				36C8A13012F78E250022190F /* BrowseByProviderViewController.m in Sources */,
				36C8A1DE12F793BF0022190F /* EGORefreshTableHeaderView.m in Sources */,
				36C8A2CE12F7A3D40022190F /* BrowseByDateViewController.m in Sources */,
			);
			runOnlyForDeploymentPostprocessing = 0;
		};
		365C6974125BCBE20099CE38 /* Sources */ = {
			isa = PBXSourcesBuildPhase;
			buildActionMask = 2147483647;
			files = (
				365C6991125BCCA80099CE38 /* TestBioCatalogueClient.m in Sources */,
				36CD0B7812959B9A00DAE156 /* TestNSString+Helper.m in Sources */,
				36F0425112A4787A00B9BAB2 /* NSString+Helper.m in Sources */,
				36F0425212A4787C00B9BAB2 /* NSUserDefaults+Helper.m in Sources */,
				36F0425C12A478CA00B9BAB2 /* BioCatalogueClient.m in Sources */,
				366462BB12ADDBFF00DEACC3 /* UIDevice+Helper.m in Sources */,
				3664653E12B050E100DEACC3 /* AppConstants.m in Sources */,
				36C8A00E12F7740A0022190F /* JSONKit.m in Sources */,
				36C8A01312F774450022190F /* GTMHTTPFetcher.m in Sources */,
				36C8A01412F774460022190F /* GTMOAuthAuthentication.m in Sources */,
				36C8A01512F774470022190F /* GTMOAuthSignIn.m in Sources */,
				36C8A01612F774480022190F /* GTMOAuthViewControllerTouch.m in Sources */,
			);
			runOnlyForDeploymentPostprocessing = 0;
		};
/* End PBXSourcesBuildPhase section */

/* Begin XCBuildConfiguration section */
		1D6058940D05DD3E006BFB54 /* Debug */ = {
			isa = XCBuildConfiguration;
			buildSettings = {
				ALWAYS_SEARCH_USER_PATHS = NO;
				CODE_SIGN_IDENTITY = "iPhone Developer";
				"CODE_SIGN_IDENTITY[sdk=iphoneos*]" = "iPhone Developer";
				COPY_PHASE_STRIP = NO;
				FRAMEWORK_SEARCH_PATHS = (
					"$(inherited)",
					"\"$(SRCROOT)\"",
				);
				GCC_DYNAMIC_NO_PIC = NO;
				GCC_ENABLE_OBJC_GC = unsupported;
				GCC_OPTIMIZATION_LEVEL = 0;
				GCC_PRECOMPILE_PREFIX_HEADER = YES;
				GCC_PREFIX_HEADER = BioMonitor_Prefix.pch;
				INFOPLIST_FILE = "BioMonitor-Info.plist";
				LIBRARY_SEARCH_PATHS = (
					"$(inherited)",
					"\"$(SRCROOT)\"",
				);
				PRODUCT_NAME = BioMonitor;
				PROVISIONING_PROFILE = "";
				"PROVISIONING_PROFILE[sdk=iphoneos*]" = "";
				SDKROOT = iphoneos4.2;
			};
			name = Debug;
		};
		1D6058950D05DD3E006BFB54 /* Release */ = {
			isa = XCBuildConfiguration;
			buildSettings = {
				ALWAYS_SEARCH_USER_PATHS = NO;
				CODE_SIGN_IDENTITY = "iPhone Developer";
				"CODE_SIGN_IDENTITY[sdk=iphoneos*]" = "iPhone Developer";
				COPY_PHASE_STRIP = YES;
				FRAMEWORK_SEARCH_PATHS = (
					"$(inherited)",
					"\"$(SRCROOT)\"",
				);
				GCC_ENABLE_OBJC_GC = unsupported;
				GCC_PRECOMPILE_PREFIX_HEADER = YES;
				GCC_PREFIX_HEADER = BioMonitor_Prefix.pch;
				INFOPLIST_FILE = "BioMonitor-Info.plist";
				LIBRARY_SEARCH_PATHS = (
					"$(inherited)",
					"\"$(SRCROOT)\"",
				);
				PRODUCT_NAME = BioMonitor;
				PROVISIONING_PROFILE = "";
				"PROVISIONING_PROFILE[sdk=iphoneos*]" = "";
				SDKROOT = iphoneos4.2;
				VALIDATE_PRODUCT = YES;
			};
			name = Release;
		};
		365C697A125BCBE30099CE38 /* Debug */ = {
			isa = XCBuildConfiguration;
			buildSettings = {
				ALWAYS_SEARCH_USER_PATHS = NO;
				"CODE_SIGN_IDENTITY[sdk=iphoneos*]" = "";
				COPY_PHASE_STRIP = NO;
				FRAMEWORK_SEARCH_PATHS = (
					"\"$(SDKROOT)/Developer/Library/Frameworks\"",
					"\"$(DEVELOPER_LIBRARY_DIR)/Frameworks\"",
				);
				GCC_DYNAMIC_NO_PIC = NO;
				GCC_ENABLE_FIX_AND_CONTINUE = NO;
				GCC_ENABLE_OBJC_EXCEPTIONS = YES;
				GCC_OPTIMIZATION_LEVEL = 0;
				INFOPLIST_FILE = "Tests-Info.plist";
				OTHER_LDFLAGS = (
					"-framework",
					Foundation,
					"-framework",
					SenTestingKit,
					"-framework",
					UIKit,
				);
				PREBINDING = NO;
				PRODUCT_NAME = Tests;
				SDKROOT = iphoneos4.2;
				WRAPPER_EXTENSION = octest;
			};
			name = Debug;
		};
		365C697B125BCBE30099CE38 /* Release */ = {
			isa = XCBuildConfiguration;
			buildSettings = {
				ALWAYS_SEARCH_USER_PATHS = NO;
				"CODE_SIGN_IDENTITY[sdk=iphoneos*]" = "";
				COPY_PHASE_STRIP = YES;
				DEBUG_INFORMATION_FORMAT = "dwarf-with-dsym";
				FRAMEWORK_SEARCH_PATHS = (
					"\"$(SDKROOT)/Developer/Library/Frameworks\"",
					"\"$(DEVELOPER_LIBRARY_DIR)/Frameworks\"",
				);
				GCC_ENABLE_FIX_AND_CONTINUE = NO;
				GCC_ENABLE_OBJC_EXCEPTIONS = YES;
				INFOPLIST_FILE = "Tests-Info.plist";
				OTHER_LDFLAGS = (
					"-framework",
					Foundation,
					"-framework",
					SenTestingKit,
					"-framework",
					UIKit,
				);
				PREBINDING = NO;
				PRODUCT_NAME = Tests;
				SDKROOT = iphoneos4.2;
				WRAPPER_EXTENSION = octest;
				ZERO_LINK = NO;
			};
			name = Release;
		};
		C01FCF4F08A954540054247B /* Debug */ = {
			isa = XCBuildConfiguration;
			buildSettings = {
				ARCHS = "$(ARCHS_STANDARD_32_BIT)";
				"CODE_SIGN_IDENTITY[sdk=iphoneos*]" = "iPhone Developer";
				GCC_C_LANGUAGE_STANDARD = c99;
				GCC_WARN_ABOUT_RETURN_TYPE = YES;
				GCC_WARN_UNUSED_VARIABLE = YES;
				IPHONEOS_DEPLOYMENT_TARGET = 3.2;
				PREBINDING = NO;
				SDKROOT = iphoneos4.1;
				TARGETED_DEVICE_FAMILY = "1,2";
			};
			name = Debug;
		};
		C01FCF5008A954540054247B /* Release */ = {
			isa = XCBuildConfiguration;
			buildSettings = {
				ARCHS = "$(ARCHS_STANDARD_32_BIT)";
				"CODE_SIGN_IDENTITY[sdk=iphoneos*]" = "iPhone Developer";
				GCC_C_LANGUAGE_STANDARD = c99;
				GCC_WARN_ABOUT_RETURN_TYPE = YES;
				GCC_WARN_UNUSED_VARIABLE = YES;
				IPHONEOS_DEPLOYMENT_TARGET = 3.2;
				OTHER_CFLAGS = "-DNS_BLOCK_ASSERTIONS=1";
				PREBINDING = NO;
				SDKROOT = iphoneos4.1;
				TARGETED_DEVICE_FAMILY = "1,2";
			};
			name = Release;
		};
/* End XCBuildConfiguration section */

/* Begin XCConfigurationList section */
		1D6058960D05DD3E006BFB54 /* Build configuration list for PBXNativeTarget "BioMonitor" */ = {
			isa = XCConfigurationList;
			buildConfigurations = (
				1D6058940D05DD3E006BFB54 /* Debug */,
				1D6058950D05DD3E006BFB54 /* Release */,
			);
			defaultConfigurationIsVisible = 0;
			defaultConfigurationName = Release;
		};
		365C697C125BCBE30099CE38 /* Build configuration list for PBXNativeTarget "Tests" */ = {
			isa = XCConfigurationList;
			buildConfigurations = (
				365C697A125BCBE30099CE38 /* Debug */,
				365C697B125BCBE30099CE38 /* Release */,
			);
			defaultConfigurationIsVisible = 0;
			defaultConfigurationName = Release;
		};
		C01FCF4E08A954540054247B /* Build configuration list for PBXProject "BioMonitor" */ = {
			isa = XCConfigurationList;
			buildConfigurations = (
				C01FCF4F08A954540054247B /* Debug */,
				C01FCF5008A954540054247B /* Release */,
			);
			defaultConfigurationIsVisible = 0;
			defaultConfigurationName = Release;
		};
/* End XCConfigurationList section */

/* Begin XCVersionGroup section */
		362DFCA61299150100DEC892 /* BioMonitor.xcdatamodeld */ = {
			isa = XCVersionGroup;
			children = (
				362DFCA71299150100DEC892 /* BioMonitor.xcdatamodel */,
			);
			currentVersion = 362DFCA71299150100DEC892 /* BioMonitor.xcdatamodel */;
			path = BioMonitor.xcdatamodeld;
			sourceTree = "<group>";
			versionGroupType = wrapper.xcdatamodel;
		};
/* End XCVersionGroup section */
	};
	rootObject = 29B97313FDCFA39411CA2CEA /* Project object */;
}
